
Microsoft Visual Studio Solution File, Format Version 12.00
# Visual Studio Version 17
VisualStudioVersion = 17.2.32526.322
MinimumVisualStudioVersion = 10.0.40219.1
Project("{FAE04EC0-301F-11D3-BF4B-00C04F79EFBC}") = "CSCommentRemover", "CSCommentRemover\CSCommentRemover.csproj", "{1B4B032B-62B0-4D5A-968F-C034B32271CF}"
EndProject
Project("{FAE04EC0-301F-11D3-BF4B-00C04F79EFBC}") = "CommentRemoverTests", "TestProject1\CommentRemoverTests.csproj", "{CD4E31F8-A95A-4962-AF6E-8FE653315D22}"
EndProject
Global
	GlobalSection(SolutionConfigurationPlatforms) = preSolution
		Debug|Any CPU = Debug|Any CPU
		Release|Any CPU = Release|Any CPU
	EndGlobalSection
	GlobalSection(ProjectConfigurationPlatforms) = postSolution
		{1B4B032B-62B0-4D5A-968F-C034B32271CF}.Debug|Any CPU.ActiveCfg = Debug|Any CPU
		{1B4B032B-62B0-4D5A-968F-C034B32271CF}.Debug|Any CPU.Build.0 = Debug|Any CPU
		{1B4B032B-62B0-4D5A-968F-C034B32271CF}.Release|Any CPU.ActiveCfg = Release|Any CPU
		{1B4B032B-62B0-4D5A-968F-C034B32271CF}.Release|Any CPU.Build.0 = Release|Any CPU
		{CD4E31F8-A95A-4962-AF6E-8FE653315D22}.Debug|Any CPU.ActiveCfg = Debug|Any CPU
		{CD4E31F8-A95A-4962-AF6E-8FE653315D22}.Debug|Any CPU.Build.0 = Debug|Any CPU
		{CD4E31F8-A95A-4962-AF6E-8FE653315D22}.Release|Any CPU.ActiveCfg = Release|Any CPU
		{CD4E31F8-A95A-4962-AF6E-8FE653315D22}.Release|Any CPU.Build.0 = Release|Any CPU
	EndGlobalSection
	GlobalSection(SolutionProperties) = preSolution
		HideSolutionNode = FALSE
	EndGlobalSection
	GlobalSection(ExtensibilityGlobals) = postSolution
		SolutionGuid = {B06AACF3-1ED4-40A1-98C5-F692C3D21B22}
	EndGlobalSection
EndGlobal
